
Microsoft Visual Studio Solution File, Format Version 12.00
# Visual Studio 2012
Project("{F2A71F9B-5D33-465A-A702-920D77279786}") = "FiboR", "FiboR\FiboR.fsproj", "{ED2FA3DF-53B9-4A19-9ABD-491FB2A27899}"
EndProject
Global
	GlobalSection(SolutionConfigurationPlatforms) = preSolution
		Debug|Any CPU = Debug|Any CPU
		Release|Any CPU = Release|Any CPU
	EndGlobalSection
	GlobalSection(ProjectConfigurationPlatforms) = postSolution
		{ED2FA3DF-53B9-4A19-9ABD-491FB2A27899}.Debug|Any CPU.ActiveCfg = Debug|Any CPU
		{ED2FA3DF-53B9-4A19-9ABD-491FB2A27899}.Debug|Any CPU.Build.0 = Debug|Any CPU
		{ED2FA3DF-53B9-4A19-9ABD-491FB2A27899}.Release|Any CPU.ActiveCfg = Release|Any CPU
		{ED2FA3DF-53B9-4A19-9ABD-491FB2A27899}.Release|Any CPU.Build.0 = Release|Any CPU
	EndGlobalSection
	GlobalSection(SolutionProperties) = preSolution
		HideSolutionNode = FALSE
	EndGlobalSection
EndGlobal
